
Microsoft Visual Studio Solution File, Format Version 12.00
Project("{FAE04EC0-301F-11D3-BF4B-00C04F79EFBC}") = "Eidaris.Presentation", "Eidaris.Presentation\Eidaris.Presentation.csproj", "{182A43B5-5357-49E2-9733-606B7D7EB630}"
EndProject
Project("{FAE04EC0-301F-11D3-BF4B-00C04F79EFBC}") = "Eidaris.Infrastructure", "Eidaris.Infrastructure\Eidaris.Infrastructure.csproj", "{EF399C7A-293D-43C1-B7F5-E41D3BAF3B88}"
EndProject
Global
	GlobalSection(SolutionConfigurationPlatforms) = preSolution
		Debug|Any CPU = Debug|Any CPU
		Release|Any CPU = Release|Any CPU
	EndGlobalSection
	GlobalSection(ProjectConfigurationPlatforms) = postSolution
		{182A43B5-5357-49E2-9733-606B7D7EB630}.Debug|Any CPU.ActiveCfg = Debug|Any CPU
		{182A43B5-5357-49E2-9733-606B7D7EB630}.Debug|Any CPU.Build.0 = Debug|Any CPU
		{182A43B5-5357-49E2-9733-606B7D7EB630}.Release|Any CPU.ActiveCfg = Release|Any CPU
		{182A43B5-5357-49E2-9733-606B7D7EB630}.Release|Any CPU.Build.0 = Release|Any CPU
		{EF399C7A-293D-43C1-B7F5-E41D3BAF3B88}.Debug|Any CPU.ActiveCfg = Debug|Any CPU
		{EF399C7A-293D-43C1-B7F5-E41D3BAF3B88}.Debug|Any CPU.Build.0 = Debug|Any CPU
		{EF399C7A-293D-43C1-B7F5-E41D3BAF3B88}.Release|Any CPU.ActiveCfg = Release|Any CPU
		{EF399C7A-293D-43C1-B7F5-E41D3BAF3B88}.Release|Any CPU.Build.0 = Release|Any CPU
	EndGlobalSection
EndGlobal
